
Microsoft Visual Studio Solution File, Format Version 12.00
# Visual Studio Version 17
VisualStudioVersion = 17.7.34024.191
MinimumVisualStudioVersion = 10.0.40219.1
Project("{FAE04EC0-301F-11D3-BF4B-00C04F79EFBC}") = "checkers", "checkers\checkers.csproj", "{8EC3C272-4693-412D-8098-B0019367EDC9}"
EndProject
Project("{FAE04EC0-301F-11D3-BF4B-00C04F79EFBC}") = "checkers_train", "checkers_train\checkers_train.csproj", "{6F458910-936C-4720-9A2A-F43FAAFB74CA}"
EndProject
Global
	GlobalSection(SolutionConfigurationPlatforms) = preSolution
		Debug|Any CPU = Debug|Any CPU
		Release|Any CPU = Release|Any CPU
	EndGlobalSection
	GlobalSection(ProjectConfigurationPlatforms) = postSolution
		{8EC3C272-4693-412D-8098-B0019367EDC9}.Debug|Any CPU.ActiveCfg = Debug|Any CPU
		{8EC3C272-4693-412D-8098-B0019367EDC9}.Debug|Any CPU.Build.0 = Debug|Any CPU
		{8EC3C272-4693-412D-8098-B0019367EDC9}.Release|Any CPU.ActiveCfg = Release|Any CPU
		{8EC3C272-4693-412D-8098-B0019367EDC9}.Release|Any CPU.Build.0 = Release|Any CPU
		{6F458910-936C-4720-9A2A-F43FAAFB74CA}.Debug|Any CPU.ActiveCfg = Debug|Any CPU
		{6F458910-936C-4720-9A2A-F43FAAFB74CA}.Debug|Any CPU.Build.0 = Debug|Any CPU
		{6F458910-936C-4720-9A2A-F43FAAFB74CA}.Release|Any CPU.ActiveCfg = Release|Any CPU
		{6F458910-936C-4720-9A2A-F43FAAFB74CA}.Release|Any CPU.Build.0 = Release|Any CPU
	EndGlobalSection
	GlobalSection(SolutionProperties) = preSolution
		HideSolutionNode = FALSE
	EndGlobalSection
	GlobalSection(ExtensibilityGlobals) = postSolution
		SolutionGuid = {7E5D10EB-704A-46AA-A8F3-BD092B8B213B}
	EndGlobalSection
EndGlobal
